
Microsoft Visual Studio Solution File, Format Version 12.00
# Visual Studio 15
VisualStudioVersion = 15.0.27130.2036
MinimumVisualStudioVersion = 10.0.40219.1
Project("{FAE04EC0-301F-11D3-BF4B-00C04F79EFBC}") = "Lab_11_Movielist", "Lab_11_Movielist\Lab_11_Movielist.csproj", "{79F7CCED-E413-4D49-AB9E-B41AF02C3AF7}"
EndProject
Project("{FAE04EC0-301F-11D3-BF4B-00C04F79EFBC}") = "Movies", "Movies\Movies.csproj", "{43EB9ED5-B111-4FA9-9BE8-242885F47D7E}"
EndProject
Global
	GlobalSection(SolutionConfigurationPlatforms) = preSolution
		Debug|Any CPU = Debug|Any CPU
		Release|Any CPU = Release|Any CPU
	EndGlobalSection
	GlobalSection(ProjectConfigurationPlatforms) = postSolution
		{79F7CCED-E413-4D49-AB9E-B41AF02C3AF7}.Debug|Any CPU.ActiveCfg = Debug|Any CPU
		{79F7CCED-E413-4D49-AB9E-B41AF02C3AF7}.Debug|Any CPU.Build.0 = Debug|Any CPU
		{79F7CCED-E413-4D49-AB9E-B41AF02C3AF7}.Release|Any CPU.ActiveCfg = Release|Any CPU
		{79F7CCED-E413-4D49-AB9E-B41AF02C3AF7}.Release|Any CPU.Build.0 = Release|Any CPU
		{43EB9ED5-B111-4FA9-9BE8-242885F47D7E}.Debug|Any CPU.ActiveCfg = Debug|Any CPU
		{43EB9ED5-B111-4FA9-9BE8-242885F47D7E}.Debug|Any CPU.Build.0 = Debug|Any CPU
		{43EB9ED5-B111-4FA9-9BE8-242885F47D7E}.Release|Any CPU.ActiveCfg = Release|Any CPU
		{43EB9ED5-B111-4FA9-9BE8-242885F47D7E}.Release|Any CPU.Build.0 = Release|Any CPU
	EndGlobalSection
	GlobalSection(SolutionProperties) = preSolution
		HideSolutionNode = FALSE
	EndGlobalSection
	GlobalSection(ExtensibilityGlobals) = postSolution
		SolutionGuid = {3395E955-165A-4EF2-AC2C-C966EAE5BAFE}
	EndGlobalSection
EndGlobal
